PODS:
  - AppAuth (1.5.0):
    - AppAuth/Core (= 1.5.0)
    - AppAuth/ExternalUserAgent (= 1.5.0)
  - AppAuth/Core (1.5.0)
  - AppAuth/ExternalUserAgent (1.5.0):
    - AppAuth/Core
  - Base64 (1.1.2)
  - boost (1.76.0)
  - BVLinearGradient (2.5.6):
    - React
  - CocoaAsyncSocket (7.6.5)
  - CodePush (7.0.4):
    - Base64 (~> 1.1)
    - JWT (~> 3.0.0-beta.12)
    - React-Core
    - SSZipArchive (~> 2.2.2)
  - DoubleConversion (1.1.6)
  - FBAEMKit (13.2.0):
    - FBSDKCoreKit_Basics (= 13.2.0)
  - FBLazyVector (0.69.0-rc.6)
  - FBReactNativeSpec (0.69.0-rc.6):
    - RCT-Folly (= 2021.06.28.00-v2)
    - RCTRequired (= 0.69.0-rc.6)
    - RCTTypeSafety (= 0.69.0-rc.6)
    - React-Core (= 0.69.0-rc.6)
    - React-jsi (= 0.69.0-rc.6)
    - ReactCommon/turbomodule/core (= 0.69.0-rc.6)
  - FBSDKCoreKit (13.2.0):
    - FBAEMKit (= 13.2.0)
    - FBSDKCoreKit_Basics (= 13.2.0)
  - FBSDKCoreKit_Basics (13.2.0)
  - FBSDKGamingServicesKit (13.2.0):
    - FBSDKCoreKit (= 13.2.0)
    - FBSDKCoreKit_Basics (= 13.2.0)
    - FBSDKShareKit (= 13.2.0)
  - FBSDKLoginKit (13.2.0):
    - FBSDKCoreKit (= 13.2.0)
  - FBSDKShareKit (13.2.0):
    - FBSDKCoreKit (= 13.2.0)
  - Flipper (0.125.0):
    - Flipper-Folly (~> 2.6)
    - Flipper-RSocket (~> 1.4)
  - Flipper-Boost-iOSX (1.76.0.1.11)
  - Flipper-DoubleConversion (3.2.0.1)
  - Flipper-Fmt (7.1.7)
  - Flipper-Folly (2.6.10):
    - Flipper-Boost-iOSX
    - Flipper-DoubleConversion
    - Flipper-Fmt (= 7.1.7)
    - Flipper-Glog
    - libevent (~> 2.1.12)
    - OpenSSL-Universal (= 1.1.1100)
  - Flipper-Glog (0.5.0.5)
  - Flipper-PeerTalk (0.0.4)
  - Flipper-RSocket (1.4.3):
    - Flipper-Folly (~> 2.6)
  - FlipperKit (0.125.0):
    - FlipperKit/Core (= 0.125.0)
  - FlipperKit/Core (0.125.0):
    - Flipper (~> 0.125.0)
    - FlipperKit/CppBridge
    - FlipperKit/FBCxxFollyDynamicConvert
    - FlipperKit/FBDefines
    - FlipperKit/FKPortForwarding
    - SocketRocket (~> 0.6.0)
  - FlipperKit/CppBridge (0.125.0):
    - Flipper (~> 0.125.0)
  - FlipperKit/FBCxxFollyDynamicConvert (0.125.0):
    - Flipper-Folly (~> 2.6)
  - FlipperKit/FBDefines (0.125.0)
  - FlipperKit/FKPortForwarding (0.125.0):
    - CocoaAsyncSocket (~> 7.6)
    - Flipper-PeerTalk (~> 0.0.4)
  - FlipperKit/FlipperKitHighlightOverlay (0.125.0)
  - FlipperKit/FlipperKitLayoutHelpers (0.125.0):
    - FlipperKit/Core
    - FlipperKit/FlipperKitHighlightOverlay
    - FlipperKit/FlipperKitLayoutTextSearchable
  - FlipperKit/FlipperKitLayoutIOSDescriptors (0.125.0):
    - FlipperKit/Core
    - FlipperKit/FlipperKitHighlightOverlay
    - FlipperKit/FlipperKitLayoutHelpers
    - YogaKit (~> 1.18)
  - FlipperKit/FlipperKitLayoutPlugin (0.125.0):
    - FlipperKit/Core
    - FlipperKit/FlipperKitHighlightOverlay
    - FlipperKit/FlipperKitLayoutHelpers
    - FlipperKit/FlipperKitLayoutIOSDescriptors
    - FlipperKit/FlipperKitLayoutTextSearchable
    - YogaKit (~> 1.18)
  - FlipperKit/FlipperKitLayoutTextSearchable (0.125.0)
  - FlipperKit/FlipperKitNetworkPlugin (0.125.0):
    - FlipperKit/Core
  - FlipperKit/FlipperKitReactPlugin (0.125.0):
    - FlipperKit/Core
  - FlipperKit/FlipperKitUserDefaultsPlugin (0.125.0):
    - FlipperKit/Core
  - FlipperKit/SKIOSNetworkPlugin (0.125.0):
    - FlipperKit/Core
    - FlipperKit/FlipperKitNetworkPlugin
  - fmt (6.2.1)
  - glog (0.3.5)
  - GoogleSignIn (6.1.0):
    - AppAuth (~> 1.4)
    - GTMAppAuth (~> 1.0)
    - GTMSessionFetcher/Core (~> 1.1)
  - GTMAppAuth (1.3.0):
    - AppAuth/Core (~> 1.4)
    - GTMSessionFetcher/Core (~> 1.5)
  - GTMSessionFetcher/Core (1.7.2)
  - JWT (3.0.0-beta.14):
    - Base64 (~> 1.1.2)
  - libevent (2.1.12)
  - libwebp (1.2.1):
    - libwebp/demux (= 1.2.1)
    - libwebp/mux (= 1.2.1)
    - libwebp/webp (= 1.2.1)
  - libwebp/demux (1.2.1):
    - libwebp/webp
  - libwebp/mux (1.2.1):
    - libwebp/demux
  - libwebp/webp (1.2.1)
  - lottie-ios (3.2.3)
  - lottie-react-native (5.1.3):
    - lottie-ios (~> 3.2.3)
    - React-Core
  - OneSignalXCFramework (3.11.1):
    - OneSignalXCFramework/OneSignalCore (= 3.11.1)
    - OneSignalXCFramework/OneSignalExtension (= 3.11.1)
    - OneSignalXCFramework/OneSignalOutcomes (= 3.11.1)
  - OneSignalXCFramework/OneSignalCore (3.11.1)
  - OneSignalXCFramework/OneSignalExtension (3.11.1):
    - OneSignalXCFramework/OneSignalCore
    - OneSignalXCFramework/OneSignalOutcomes
  - OneSignalXCFramework/OneSignalOutcomes (3.11.1):
    - OneSignalXCFramework/OneSignalCore
  - OpenSSL-Universal (1.1.1100)
  - Permission-Camera (3.3.1):
    - RNPermissions
  - Permission-PhotoLibrary (3.3.1):
    - RNPermissions
  - Permission-PhotoLibraryAddOnly (3.3.1):
    - RNPermissions
  - RCT-Folly (2021.06.28.00-v2):
    - boost
    - DoubleConversion
    - fmt (~> 6.2.1)
    - glog
    - RCT-Folly/Default (= 2021.06.28.00-v2)
  - RCT-Folly/Default (2021.06.28.00-v2):
    - boost
    - DoubleConversion
    - fmt (~> 6.2.1)
    - glog
  - RCTRequired (0.69.0-rc.6)
  - RCTTypeSafety (0.69.0-rc.6):
    - FBLazyVector (= 0.69.0-rc.6)
    - RCTRequired (= 0.69.0-rc.6)
    - React-Core (= 0.69.0-rc.6)
  - React (0.69.0-rc.6):
    - React-Core (= 0.69.0-rc.6)
    - React-Core/DevSupport (= 0.69.0-rc.6)
    - React-Core/RCTWebSocket (= 0.69.0-rc.6)
    - React-RCTActionSheet (= 0.69.0-rc.6)
    - React-RCTAnimation (= 0.69.0-rc.6)
    - React-RCTBlob (= 0.69.0-rc.6)
    - React-RCTImage (= 0.69.0-rc.6)
    - React-RCTLinking (= 0.69.0-rc.6)
    - React-RCTNetwork (= 0.69.0-rc.6)
    - React-RCTSettings (= 0.69.0-rc.6)
    - React-RCTText (= 0.69.0-rc.6)
    - React-RCTVibration (= 0.69.0-rc.6)
  - React-bridging (0.69.0-rc.6):
    - RCT-Folly (= 2021.06.28.00-v2)
    - React-jsi (= 0.69.0-rc.6)
  - React-callinvoker (0.69.0-rc.6)
  - React-Codegen (0.69.0-rc.6):
    - FBReactNativeSpec (= 0.69.0-rc.6)
    - RCT-Folly (= 2021.06.28.00-v2)
    - RCTRequired (= 0.69.0-rc.6)
    - RCTTypeSafety (= 0.69.0-rc.6)
    - React-Core (= 0.69.0-rc.6)
    - React-jsi (= 0.69.0-rc.6)
    - React-jsiexecutor (= 0.69.0-rc.6)
    - ReactCommon/turbomodule/core (= 0.69.0-rc.6)
  - React-Core (0.69.0-rc.6):
    - glog
    - RCT-Folly (= 2021.06.28.00-v2)
    - React-Core/Default (= 0.69.0-rc.6)
    - React-cxxreact (= 0.69.0-rc.6)
    - React-jsi (= 0.69.0-rc.6)
    - React-jsiexecutor (= 0.69.0-rc.6)
    - React-perflogger (= 0.69.0-rc.6)
    - Yoga
  - React-Core/CoreModulesHeaders (0.69.0-rc.6):
    - glog
    - RCT-Folly (= 2021.06.28.00-v2)
    - React-Core/Default
    - React-cxxreact (= 0.69.0-rc.6)
    - React-jsi (= 0.69.0-rc.6)
    - React-jsiexecutor (= 0.69.0-rc.6)
    - React-perflogger (= 0.69.0-rc.6)
    - Yoga
  - React-Core/Default (0.69.0-rc.6):
    - glog
    - RCT-Folly (= 2021.06.28.00-v2)
    - React-cxxreact (= 0.69.0-rc.6)
    - React-jsi (= 0.69.0-rc.6)
    - React-jsiexecutor (= 0.69.0-rc.6)
    - React-perflogger (= 0.69.0-rc.6)
    - Yoga
  - React-Core/DevSupport (0.69.0-rc.6):
    - glog
    - RCT-Folly (= 2021.06.28.00-v2)
    - React-Core/Default (= 0.69.0-rc.6)
    - React-Core/RCTWebSocket (= 0.69.0-rc.6)
    - React-cxxreact (= 0.69.0-rc.6)
    - React-jsi (= 0.69.0-rc.6)
    - React-jsiexecutor (= 0.69.0-rc.6)
    - React-jsinspector (= 0.69.0-rc.6)
    - React-perflogger (= 0.69.0-rc.6)
    - Yoga
  - React-Core/RCTActionSheetHeaders (0.69.0-rc.6):
    - glog
    - RCT-Folly (= 2021.06.28.00-v2)
    - React-Core/Default
    - React-cxxreact (= 0.69.0-rc.6)
    - React-jsi (= 0.69.0-rc.6)
    - React-jsiexecutor (= 0.69.0-rc.6)
    - React-perflogger (= 0.69.0-rc.6)
    - Yoga
  - React-Core/RCTAnimationHeaders (0.69.0-rc.6):
    - glog
    - RCT-Folly (= 2021.06.28.00-v2)
    - React-Core/Default
    - React-cxxreact (= 0.69.0-rc.6)
    - React-jsi (= 0.69.0-rc.6)
    - React-jsiexecutor (= 0.69.0-rc.6)
    - React-perflogger (= 0.69.0-rc.6)
    - Yoga
  - React-Core/RCTBlobHeaders (0.69.0-rc.6):
    - glog
    - RCT-Folly (= 2021.06.28.00-v2)
    - React-Core/Default
    - React-cxxreact (= 0.69.0-rc.6)
    - React-jsi (= 0.69.0-rc.6)
    - React-jsiexecutor (= 0.69.0-rc.6)
    - React-perflogger (= 0.69.0-rc.6)
    - Yoga
  - React-Core/RCTImageHeaders (0.69.0-rc.6):
    - glog
    - RCT-Folly (= 2021.06.28.00-v2)
    - React-Core/Default
    - React-cxxreact (= 0.69.0-rc.6)
    - React-jsi (= 0.69.0-rc.6)
    - React-jsiexecutor (= 0.69.0-rc.6)
    - React-perflogger (= 0.69.0-rc.6)
    - Yoga
  - React-Core/RCTLinkingHeaders (0.69.0-rc.6):
    - glog
    - RCT-Folly (= 2021.06.28.00-v2)
    - React-Core/Default
    - React-cxxreact (= 0.69.0-rc.6)
    - React-jsi (= 0.69.0-rc.6)
    - React-jsiexecutor (= 0.69.0-rc.6)
    - React-perflogger (= 0.69.0-rc.6)
    - Yoga
  - React-Core/RCTNetworkHeaders (0.69.0-rc.6):
    - glog
    - RCT-Folly (= 2021.06.28.00-v2)
    - React-Core/Default
    - React-cxxreact (= 0.69.0-rc.6)
    - React-jsi (= 0.69.0-rc.6)
    - React-jsiexecutor (= 0.69.0-rc.6)
    - React-perflogger (= 0.69.0-rc.6)
    - Yoga
  - React-Core/RCTSettingsHeaders (0.69.0-rc.6):
    - glog
    - RCT-Folly (= 2021.06.28.00-v2)
    - React-Core/Default
    - React-cxxreact (= 0.69.0-rc.6)
    - React-jsi (= 0.69.0-rc.6)
    - React-jsiexecutor (= 0.69.0-rc.6)
    - React-perflogger (= 0.69.0-rc.6)
    - Yoga
  - React-Core/RCTTextHeaders (0.69.0-rc.6):
    - glog
    - RCT-Folly (= 2021.06.28.00-v2)
    - React-Core/Default
    - React-cxxreact (= 0.69.0-rc.6)
    - React-jsi (= 0.69.0-rc.6)
    - React-jsiexecutor (= 0.69.0-rc.6)
    - React-perflogger (= 0.69.0-rc.6)
    - Yoga
  - React-Core/RCTVibrationHeaders (0.69.0-rc.6):
    - glog
    - RCT-Folly (= 2021.06.28.00-v2)
    - React-Core/Default
    - React-cxxreact (= 0.69.0-rc.6)
    - React-jsi (= 0.69.0-rc.6)
    - React-jsiexecutor (= 0.69.0-rc.6)
    - React-perflogger (= 0.69.0-rc.6)
    - Yoga
  - React-Core/RCTWebSocket (0.69.0-rc.6):
    - glog
    - RCT-Folly (= 2021.06.28.00-v2)
    - React-Core/Default (= 0.69.0-rc.6)
    - React-cxxreact (= 0.69.0-rc.6)
    - React-jsi (= 0.69.0-rc.6)
    - React-jsiexecutor (= 0.69.0-rc.6)
    - React-perflogger (= 0.69.0-rc.6)
    - Yoga
  - React-CoreModules (0.69.0-rc.6):
    - RCT-Folly (= 2021.06.28.00-v2)
    - RCTTypeSafety (= 0.69.0-rc.6)
    - React-Codegen (= 0.69.0-rc.6)
    - React-Core/CoreModulesHeaders (= 0.69.0-rc.6)
    - React-jsi (= 0.69.0-rc.6)
    - React-RCTImage (= 0.69.0-rc.6)
    - ReactCommon/turbomodule/core (= 0.69.0-rc.6)
  - React-cxxreact (0.69.0-rc.6):
    - boost (= 1.76.0)
    - DoubleConversion
    - glog
    - RCT-Folly (= 2021.06.28.00-v2)
    - React-callinvoker (= 0.69.0-rc.6)
    - React-jsi (= 0.69.0-rc.6)
    - React-jsinspector (= 0.69.0-rc.6)
    - React-logger (= 0.69.0-rc.6)
    - React-perflogger (= 0.69.0-rc.6)
    - React-runtimeexecutor (= 0.69.0-rc.6)
  - React-jsi (0.69.0-rc.6):
    - boost (= 1.76.0)
    - DoubleConversion
    - glog
    - RCT-Folly (= 2021.06.28.00-v2)
    - React-jsi/Default (= 0.69.0-rc.6)
  - React-jsi/Default (0.69.0-rc.6):
    - boost (= 1.76.0)
    - DoubleConversion
    - glog
    - RCT-Folly (= 2021.06.28.00-v2)
  - React-jsiexecutor (0.69.0-rc.6):
    - DoubleConversion
    - glog
    - RCT-Folly (= 2021.06.28.00-v2)
    - React-cxxreact (= 0.69.0-rc.6)
    - React-jsi (= 0.69.0-rc.6)
    - React-perflogger (= 0.69.0-rc.6)
  - React-jsinspector (0.69.0-rc.6)
  - React-logger (0.69.0-rc.6):
    - glog
  - react-native-encrypted-storage (4.0.2):
    - React-Core
  - react-native-fbsdk-next (8.0.5):
    - React-Core
    - react-native-fbsdk-next/Core (= 8.0.5)
    - react-native-fbsdk-next/Login (= 8.0.5)
    - react-native-fbsdk-next/Share (= 8.0.5)
  - react-native-fbsdk-next/Core (8.0.5):
    - FBSDKCoreKit (~> 13.2.0)
    - React-Core
  - react-native-fbsdk-next/Login (8.0.5):
    - FBSDKLoginKit (~> 13.2.0)
    - React-Core
  - react-native-fbsdk-next/Share (8.0.5):
    - FBSDKGamingServicesKit (~> 13.2.0)
    - FBSDKShareKit (~> 13.2.0)
    - React-Core
  - react-native-image-picker (4.8.3):
    - React-Core
  - react-native-image-resizer (1.4.5):
    - React-Core
  - react-native-login-twitter (3.0.4):
    - React
    - TwitterKit5
  - react-native-multiple-image-picker (0.4.10):
    - React-Core
    - TLPhotoPicker (= 2.1.4)
  - react-native-netinfo (8.3.1):
    - React-Core
  - react-native-onesignal (4.3.10):
    - OneSignalXCFramework (= 3.11.1)
    - React (< 1.0.0, >= 0.13.0)
  - react-native-pager-view (5.4.24):
    - React-Core
  - react-native-render-html (6.3.4):
    - React-Core
  - react-native-safe-area-context (4.2.5):
    - RCT-Folly
    - RCTRequired
    - RCTTypeSafety
    - React
    - ReactCommon/turbomodule/core
  - react-native-splash-screen (3.3.0):
    - React-Core
  - React-perflogger (0.69.0-rc.6)
  - React-RCTActionSheet (0.69.0-rc.6):
    - React-Core/RCTActionSheetHeaders (= 0.69.0-rc.6)
  - React-RCTAnimation (0.69.0-rc.6):
    - RCT-Folly (= 2021.06.28.00-v2)
    - RCTTypeSafety (= 0.69.0-rc.6)
    - React-Codegen (= 0.69.0-rc.6)
    - React-Core/RCTAnimationHeaders (= 0.69.0-rc.6)
    - React-jsi (= 0.69.0-rc.6)
    - ReactCommon/turbomodule/core (= 0.69.0-rc.6)
  - React-RCTBlob (0.69.0-rc.6):
    - RCT-Folly (= 2021.06.28.00-v2)
    - React-Codegen (= 0.69.0-rc.6)
    - React-Core/RCTBlobHeaders (= 0.69.0-rc.6)
    - React-Core/RCTWebSocket (= 0.69.0-rc.6)
    - React-jsi (= 0.69.0-rc.6)
    - React-RCTNetwork (= 0.69.0-rc.6)
    - ReactCommon/turbomodule/core (= 0.69.0-rc.6)
  - React-RCTImage (0.69.0-rc.6):
    - RCT-Folly (= 2021.06.28.00-v2)
    - RCTTypeSafety (= 0.69.0-rc.6)
    - React-Codegen (= 0.69.0-rc.6)
    - React-Core/RCTImageHeaders (= 0.69.0-rc.6)
    - React-jsi (= 0.69.0-rc.6)
    - React-RCTNetwork (= 0.69.0-rc.6)
    - ReactCommon/turbomodule/core (= 0.69.0-rc.6)
  - React-RCTLinking (0.69.0-rc.6):
    - React-Codegen (= 0.69.0-rc.6)
    - React-Core/RCTLinkingHeaders (= 0.69.0-rc.6)
    - React-jsi (= 0.69.0-rc.6)
    - ReactCommon/turbomodule/core (= 0.69.0-rc.6)
  - React-RCTNetwork (0.69.0-rc.6):
    - RCT-Folly (= 2021.06.28.00-v2)
    - RCTTypeSafety (= 0.69.0-rc.6)
    - React-Codegen (= 0.69.0-rc.6)
    - React-Core/RCTNetworkHeaders (= 0.69.0-rc.6)
    - React-jsi (= 0.69.0-rc.6)
    - ReactCommon/turbomodule/core (= 0.69.0-rc.6)
  - React-RCTSettings (0.69.0-rc.6):
    - RCT-Folly (= 2021.06.28.00-v2)
    - RCTTypeSafety (= 0.69.0-rc.6)
    - React-Codegen (= 0.69.0-rc.6)
    - React-Core/RCTSettingsHeaders (= 0.69.0-rc.6)
    - React-jsi (= 0.69.0-rc.6)
    - ReactCommon/turbomodule/core (= 0.69.0-rc.6)
  - React-RCTText (0.69.0-rc.6):
    - React-Core/RCTTextHeaders (= 0.69.0-rc.6)
  - React-RCTVibration (0.69.0-rc.6):
    - RCT-Folly (= 2021.06.28.00-v2)
    - React-Codegen (= 0.69.0-rc.6)
    - React-Core/RCTVibrationHeaders (= 0.69.0-rc.6)
    - React-jsi (= 0.69.0-rc.6)
    - ReactCommon/turbomodule/core (= 0.69.0-rc.6)
  - React-runtimeexecutor (0.69.0-rc.6):
    - React-jsi (= 0.69.0-rc.6)
  - ReactCommon/turbomodule/core (0.69.0-rc.6):
    - DoubleConversion
    - glog
    - RCT-Folly (= 2021.06.28.00-v2)
    - React-bridging (= 0.69.0-rc.6)
    - React-callinvoker (= 0.69.0-rc.6)
    - React-Core (= 0.69.0-rc.6)
    - React-cxxreact (= 0.69.0-rc.6)
    - React-jsi (= 0.69.0-rc.6)
    - React-logger (= 0.69.0-rc.6)
    - React-perflogger (= 0.69.0-rc.6)
  - RNAppleAuthentication (2.2.0):
    - React-Core
  - RNCAsyncStorage (1.17.6):
    - React-Core
  - RNCMaskedView (0.1.11):
    - React
  - RNCPicker (1.8.1):
    - React-Core
  - RNDateTimePicker (5.1.0):
    - React-Core
  - RNDeviceInfo (8.7.1):
    - React-Core
  - RNFastImage (8.5.11):
    - React-Core
    - SDWebImage (~> 5.11.1)
    - SDWebImageWebPCoder (~> 0.8.4)
  - RNGestureHandler (2.4.2):
    - React-Core
  - RNGoogleSignin (7.2.2):
    - GoogleSignIn (~> 6.1.0)
    - React-Core
  - RNLocalize (2.2.2):
    - React-Core
  - RNPermissions (3.3.1):
    - React-Core
  - RNReanimated (2.8.0):
    - DoubleConversion
    - FBLazyVector
    - FBReactNativeSpec
    - glog
    - RCT-Folly
    - RCTRequired
    - RCTTypeSafety
    - React-callinvoker
    - React-Core
    - React-Core/DevSupport
    - React-Core/RCTWebSocket
    - React-CoreModules
    - React-cxxreact
    - React-jsi
    - React-jsiexecutor
    - React-jsinspector
    - React-RCTActionSheet
    - React-RCTAnimation
    - React-RCTBlob
    - React-RCTImage
    - React-RCTLinking
    - React-RCTNetwork
    - React-RCTSettings
    - React-RCTText
    - ReactCommon/turbomodule/core
    - Yoga
  - RNScreens (3.13.1):
    - React-Core
    - React-RCTImage
  - RNSVG (12.3.0):
    - React-Core
  - RNVectorIcons (9.1.0):
    - React-Core
  - SDWebImage (5.11.1):
    - SDWebImage/Core (= 5.11.1)
  - SDWebImage/Core (5.11.1)
  - SDWebImageWebPCoder (0.8.4):
    - libwebp (~> 1.0)
    - SDWebImage/Core (~> 5.10)
  - SocketRocket (0.6.0)
  - SSZipArchive (2.2.3)
  - TLPhotoPicker (2.1.4)
  - TwitterCore (3.2.0)
  - TwitterKit5 (5.2.0):
    - TwitterCore (>= 3.1.0)
  - Yoga (1.14.0)
  - YogaKit (1.18.1):
    - Yoga (~> 1.14)

DEPENDENCIES:
  - boost (from `../node_modules/react-native/third-party-podspecs/boost.podspec`)
  - BVLinearGradient (from `../node_modules/react-native-linear-gradient`)
  - CodePush (from `../node_modules/react-native-code-push`)
  - DoubleConversion (from `../node_modules/react-native/third-party-podspecs/DoubleConversion.podspec`)
  - FBLazyVector (from `../node_modules/react-native/Libraries/FBLazyVector`)
  - FBReactNativeSpec (from `../node_modules/react-native/React/FBReactNativeSpec`)
  - Flipper (= 0.125.0)
  - Flipper-Boost-iOSX (= 1.76.0.1.11)
  - Flipper-DoubleConversion (= 3.2.0.1)
  - Flipper-Fmt (= 7.1.7)
  - Flipper-Folly (= 2.6.10)
  - Flipper-Glog (= 0.5.0.5)
  - Flipper-PeerTalk (= 0.0.4)
  - Flipper-RSocket (= 1.4.3)
  - FlipperKit (= 0.125.0)
  - FlipperKit/Core (= 0.125.0)
  - FlipperKit/CppBridge (= 0.125.0)
  - FlipperKit/FBCxxFollyDynamicConvert (= 0.125.0)
  - FlipperKit/FBDefines (= 0.125.0)
  - FlipperKit/FKPortForwarding (= 0.125.0)
  - FlipperKit/FlipperKitHighlightOverlay (= 0.125.0)
  - FlipperKit/FlipperKitLayoutPlugin (= 0.125.0)
  - FlipperKit/FlipperKitLayoutTextSearchable (= 0.125.0)
  - FlipperKit/FlipperKitNetworkPlugin (= 0.125.0)
  - FlipperKit/FlipperKitReactPlugin (= 0.125.0)
  - FlipperKit/FlipperKitUserDefaultsPlugin (= 0.125.0)
  - FlipperKit/SKIOSNetworkPlugin (= 0.125.0)
  - glog (from `../node_modules/react-native/third-party-podspecs/glog.podspec`)
  - lottie-ios (from `../node_modules/lottie-ios`)
  - lottie-react-native (from `../node_modules/lottie-react-native`)
  - OpenSSL-Universal (= 1.1.1100)
  - Permission-Camera (from `../node_modules/react-native-permissions/ios/Camera`)
  - Permission-PhotoLibrary (from `../node_modules/react-native-permissions/ios/PhotoLibrary`)
  - Permission-PhotoLibraryAddOnly (from `../node_modules/react-native-permissions/ios/PhotoLibraryAddOnly`)
  - RCT-Folly (from `../node_modules/react-native/third-party-podspecs/RCT-Folly.podspec`)
  - RCTRequired (from `../node_modules/react-native/Libraries/RCTRequired`)
  - RCTTypeSafety (from `../node_modules/react-native/Libraries/TypeSafety`)
  - React (from `../node_modules/react-native/`)
  - React-bridging (from `../node_modules/react-native/ReactCommon/react/bridging`)
  - React-callinvoker (from `../node_modules/react-native/ReactCommon/callinvoker`)
  - React-Codegen (from `build/generated/ios`)
  - React-Core (from `../node_modules/react-native/`)
  - React-Core/DevSupport (from `../node_modules/react-native/`)
  - React-Core/RCTWebSocket (from `../node_modules/react-native/`)
  - React-CoreModules (from `../node_modules/react-native/React/CoreModules`)
  - React-cxxreact (from `../node_modules/react-native/ReactCommon/cxxreact`)
  - React-jsi (from `../node_modules/react-native/ReactCommon/jsi`)
  - React-jsiexecutor (from `../node_modules/react-native/ReactCommon/jsiexecutor`)
  - React-jsinspector (from `../node_modules/react-native/ReactCommon/jsinspector`)
  - React-logger (from `../node_modules/react-native/ReactCommon/logger`)
  - react-native-encrypted-storage (from `../node_modules/react-native-encrypted-storage`)
  - react-native-fbsdk-next (from `../node_modules/react-native-fbsdk-next`)
  - react-native-image-picker (from `../node_modules/react-native-image-picker`)
  - react-native-image-resizer (from `../node_modules/react-native-image-resizer`)
  - react-native-login-twitter (from `../node_modules/react-native-login-twitter`)
  - "react-native-multiple-image-picker (from `../node_modules/@baronha/react-native-multiple-image-picker`)"
  - "react-native-netinfo (from `../node_modules/@react-native-community/netinfo`)"
  - react-native-onesignal (from `../node_modules/react-native-onesignal`)
  - react-native-pager-view (from `../node_modules/react-native-pager-view`)
  - react-native-render-html (from `../node_modules/react-native-render-html`)
  - react-native-safe-area-context (from `../node_modules/react-native-safe-area-context`)
  - react-native-splash-screen (from `../node_modules/react-native-splash-screen`)
  - React-perflogger (from `../node_modules/react-native/ReactCommon/reactperflogger`)
  - React-RCTActionSheet (from `../node_modules/react-native/Libraries/ActionSheetIOS`)
  - React-RCTAnimation (from `../node_modules/react-native/Libraries/NativeAnimation`)
  - React-RCTBlob (from `../node_modules/react-native/Libraries/Blob`)
  - React-RCTImage (from `../node_modules/react-native/Libraries/Image`)
  - React-RCTLinking (from `../node_modules/react-native/Libraries/LinkingIOS`)
  - React-RCTNetwork (from `../node_modules/react-native/Libraries/Network`)
  - React-RCTSettings (from `../node_modules/react-native/Libraries/Settings`)
  - React-RCTText (from `../node_modules/react-native/Libraries/Text`)
  - React-RCTVibration (from `../node_modules/react-native/Libraries/Vibration`)
  - React-runtimeexecutor (from `../node_modules/react-native/ReactCommon/runtimeexecutor`)
  - ReactCommon/turbomodule/core (from `../node_modules/react-native/ReactCommon`)
  - "RNAppleAuthentication (from `../node_modules/@invertase/react-native-apple-authentication`)"
  - "RNCAsyncStorage (from `../node_modules/@react-native-async-storage/async-storage`)"
  - "RNCMaskedView (from `../node_modules/@react-native-community/masked-view`)"
  - "RNCPicker (from `../node_modules/@react-native-community/picker`)"
  - "RNDateTimePicker (from `../node_modules/@react-native-community/datetimepicker`)"
  - RNDeviceInfo (from `../node_modules/react-native-device-info`)
  - RNFastImage (from `../node_modules/react-native-fast-image`)
  - RNGestureHandler (from `../node_modules/react-native-gesture-handler`)
  - "RNGoogleSignin (from `../node_modules/@react-native-google-signin/google-signin`)"
  - RNLocalize (from `../node_modules/react-native-localize`)
  - RNPermissions (from `../node_modules/react-native-permissions`)
  - RNReanimated (from `../node_modules/react-native-reanimated`)
  - RNScreens (from `../node_modules/react-native-screens`)
  - RNSVG (from `../node_modules/react-native-svg`)
  - RNVectorIcons (from `../node_modules/react-native-vector-icons`)
  - Yoga (from `../node_modules/react-native/ReactCommon/yoga`)

SPEC REPOS:
  trunk:
    - AppAuth
    - Base64
    - CocoaAsyncSocket
    - FBAEMKit
    - FBSDKCoreKit
    - FBSDKCoreKit_Basics
    - FBSDKGamingServicesKit
    - FBSDKLoginKit
    - FBSDKShareKit
    - Flipper
    - Flipper-Boost-iOSX
    - Flipper-DoubleConversion
    - Flipper-Fmt
    - Flipper-Folly
    - Flipper-Glog
    - Flipper-PeerTalk
    - Flipper-RSocket
    - FlipperKit
    - fmt
    - GoogleSignIn
    - GTMAppAuth
    - GTMSessionFetcher
    - JWT
    - libevent
    - libwebp
    - OneSignalXCFramework
    - OpenSSL-Universal
    - SDWebImage
    - SDWebImageWebPCoder
    - SocketRocket
    - SSZipArchive
    - TLPhotoPicker
    - TwitterCore
    - TwitterKit5
    - YogaKit

EXTERNAL SOURCES:
  boost:
    :podspec: "../node_modules/react-native/third-party-podspecs/boost.podspec"
  BVLinearGradient:
    :path: "../node_modules/react-native-linear-gradient"
  CodePush:
    :path: "../node_modules/react-native-code-push"
  DoubleConversion:
    :podspec: "../node_modules/react-native/third-party-podspecs/DoubleConversion.podspec"
  FBLazyVector:
    :path: "../node_modules/react-native/Libraries/FBLazyVector"
  FBReactNativeSpec:
    :path: "../node_modules/react-native/React/FBReactNativeSpec"
  glog:
    :podspec: "../node_modules/react-native/third-party-podspecs/glog.podspec"
  lottie-ios:
    :path: "../node_modules/lottie-ios"
  lottie-react-native:
    :path: "../node_modules/lottie-react-native"
  Permission-Camera:
    :path: "../node_modules/react-native-permissions/ios/Camera"
  Permission-PhotoLibrary:
    :path: "../node_modules/react-native-permissions/ios/PhotoLibrary"
  Permission-PhotoLibraryAddOnly:
    :path: "../node_modules/react-native-permissions/ios/PhotoLibraryAddOnly"
  RCT-Folly:
    :podspec: "../node_modules/react-native/third-party-podspecs/RCT-Folly.podspec"
  RCTRequired:
    :path: "../node_modules/react-native/Libraries/RCTRequired"
  RCTTypeSafety:
    :path: "../node_modules/react-native/Libraries/TypeSafety"
  React:
    :path: "../node_modules/react-native/"
  React-bridging:
    :path: "../node_modules/react-native/ReactCommon/react/bridging"
  React-callinvoker:
    :path: "../node_modules/react-native/ReactCommon/callinvoker"
  React-Codegen:
    :path: build/generated/ios
  React-Core:
    :path: "../node_modules/react-native/"
  React-CoreModules:
    :path: "../node_modules/react-native/React/CoreModules"
  React-cxxreact:
    :path: "../node_modules/react-native/ReactCommon/cxxreact"
  React-jsi:
    :path: "../node_modules/react-native/ReactCommon/jsi"
  React-jsiexecutor:
    :path: "../node_modules/react-native/ReactCommon/jsiexecutor"
  React-jsinspector:
    :path: "../node_modules/react-native/ReactCommon/jsinspector"
  React-logger:
    :path: "../node_modules/react-native/ReactCommon/logger"
  react-native-encrypted-storage:
    :path: "../node_modules/react-native-encrypted-storage"
  react-native-fbsdk-next:
    :path: "../node_modules/react-native-fbsdk-next"
  react-native-image-picker:
    :path: "../node_modules/react-native-image-picker"
  react-native-image-resizer:
    :path: "../node_modules/react-native-image-resizer"
  react-native-login-twitter:
    :path: "../node_modules/react-native-login-twitter"
  react-native-multiple-image-picker:
    :path: "../node_modules/@baronha/react-native-multiple-image-picker"
  react-native-netinfo:
    :path: "../node_modules/@react-native-community/netinfo"
  react-native-onesignal:
    :path: "../node_modules/react-native-onesignal"
  react-native-pager-view:
    :path: "../node_modules/react-native-pager-view"
  react-native-render-html:
    :path: "../node_modules/react-native-render-html"
  react-native-safe-area-context:
    :path: "../node_modules/react-native-safe-area-context"
  react-native-splash-screen:
    :path: "../node_modules/react-native-splash-screen"
  React-perflogger:
    :path: "../node_modules/react-native/ReactCommon/reactperflogger"
  React-RCTActionSheet:
    :path: "../node_modules/react-native/Libraries/ActionSheetIOS"
  React-RCTAnimation:
    :path: "../node_modules/react-native/Libraries/NativeAnimation"
  React-RCTBlob:
    :path: "../node_modules/react-native/Libraries/Blob"
  React-RCTImage:
    :path: "../node_modules/react-native/Libraries/Image"
  React-RCTLinking:
    :path: "../node_modules/react-native/Libraries/LinkingIOS"
  React-RCTNetwork:
    :path: "../node_modules/react-native/Libraries/Network"
  React-RCTSettings:
    :path: "../node_modules/react-native/Libraries/Settings"
  React-RCTText:
    :path: "../node_modules/react-native/Libraries/Text"
  React-RCTVibration:
    :path: "../node_modules/react-native/Libraries/Vibration"
  React-runtimeexecutor:
    :path: "../node_modules/react-native/ReactCommon/runtimeexecutor"
  ReactCommon:
    :path: "../node_modules/react-native/ReactCommon"
  RNAppleAuthentication:
    :path: "../node_modules/@invertase/react-native-apple-authentication"
  RNCAsyncStorage:
    :path: "../node_modules/@react-native-async-storage/async-storage"
  RNCMaskedView:
    :path: "../node_modules/@react-native-community/masked-view"
  RNCPicker:
    :path: "../node_modules/@react-native-community/picker"
  RNDateTimePicker:
    :path: "../node_modules/@react-native-community/datetimepicker"
  RNDeviceInfo:
    :path: "../node_modules/react-native-device-info"
  RNFastImage:
    :path: "../node_modules/react-native-fast-image"
  RNGestureHandler:
    :path: "../node_modules/react-native-gesture-handler"
  RNGoogleSignin:
    :path: "../node_modules/@react-native-google-signin/google-signin"
  RNLocalize:
    :path: "../node_modules/react-native-localize"
  RNPermissions:
    :path: "../node_modules/react-native-permissions"
  RNReanimated:
    :path: "../node_modules/react-native-reanimated"
  RNScreens:
    :path: "../node_modules/react-native-screens"
  RNSVG:
    :path: "../node_modules/react-native-svg"
  RNVectorIcons:
    :path: "../node_modules/react-native-vector-icons"
  Yoga:
    :path: "../node_modules/react-native/ReactCommon/yoga"

SPEC CHECKSUMS:
  AppAuth: 80317d99ac7ff2801a2f18ff86b48cd315ed465d
  Base64: cecfb41a004124895a7bcee567a89bae5a89d49b
  boost: a7c83b31436843459a1961bfd74b96033dc77234
  BVLinearGradient: e3aad03778a456d77928f594a649e96995f1c872
  CocoaAsyncSocket: 065fd1e645c7abab64f7a6a2007a48038fdc6a99
  CodePush: 35a0d8be82686010ee70b510c3549ba8df5ca737
  DoubleConversion: 5189b271737e1565bdce30deb4a08d647e3f5f54
  FBAEMKit: c2b2895363b7e57192013d1dc49fdf498b28624c
  FBLazyVector: b6acb6d704a0717abd7bb02179aac6c7c37d8cc0
  FBReactNativeSpec: 142bbe3cb60842c7672d2e91b64f0e09a3a514e5
  FBSDKCoreKit: 58139803d861e72c7661dc875611a759352a55ac
  FBSDKCoreKit_Basics: 1ffc68326a5ece051d85574f02a0adcf27c2a5f2
  FBSDKGamingServicesKit: 2af7e19dcfc3459581dec011a230d1eeddc17861
  FBSDKLoginKit: 19e2a878556c2ee4f20486dc406e582783cd7578
  FBSDKShareKit: 079497bb0cfeb049dc8ff6aee2702698680a2806
  Flipper: 26fc4b7382499f1281eb8cb921e5c3ad6de91fe0
  Flipper-Boost-iOSX: fd1e2b8cbef7e662a122412d7ac5f5bea715403c
  Flipper-DoubleConversion: 2dc99b02f658daf147069aad9dbd29d8feb06d30
  Flipper-Fmt: 60cbdd92fc254826e61d669a5d87ef7015396a9b
  Flipper-Folly: 584845625005ff068a6ebf41f857f468decd26b3
  Flipper-Glog: 70c50ce58ddaf67dc35180db05f191692570f446
  Flipper-PeerTalk: 116d8f857dc6ef55c7a5a75ea3ceaafe878aadc9
  Flipper-RSocket: d9d9ade67cbecf6ac10730304bf5607266dd2541
  FlipperKit: cbdee19bdd4e7f05472a66ce290f1b729ba3cb86
  fmt: ff9d55029c625d3757ed641535fd4a75fedc7ce9
  glog: 3d02b25ca00c2d456734d0bcff864cbc62f6ae1a
  GoogleSignIn: c90b5bec45e780f54c6a8e1e3c182a86e3dda69d
  GTMAppAuth: 4d8f864896f3646f0c33baf38a28362f4c601e15
  GTMSessionFetcher: 5595ec75acf5be50814f81e9189490412bad82ba
  JWT: ef71dfb03e1f842081e64dc42eef0e164f35d251
  libevent: 4049cae6c81cdb3654a443be001fb9bdceff7913
  libwebp: 98a37e597e40bfdb4c911fc98f2c53d0b12d05fc
  lottie-ios: c058aeafa76daa4cf64d773554bccc8385d0150e
  lottie-react-native: a501112fa980529ccb80b9f3ee117a7f98c6af3a
  OneSignalXCFramework: 8bdcaa3b7f6082565bf29c5481435376a33e94f2
  OpenSSL-Universal: ebc357f1e6bc71fa463ccb2fe676756aff50e88c
  Permission-Camera: 273b78e214eae8d734d1c497b67aa0030838c006
  Permission-PhotoLibrary: 4b514739911744def3b903a5a48a20037cd01795
  Permission-PhotoLibraryAddOnly: ccc162c1f823021321536c58dc3431831ba82f22
  RCT-Folly: 4d8508a426467c48885f1151029bc15fa5d7b3b8
  RCTRequired: aed6e42c1978aaa117dae6b497267dca30dce893
  RCTTypeSafety: 2735ccba1ca830b3e3fe9cff68068041201f8d25
  React: 746177da6f0367906bef8b55c132834238ed5d5e
  React-bridging: 651b17d2c68ff4a7070e8593853f71ec64ed0bab
  React-callinvoker: e8445e06b6689d72afd08a21dae78d8c3ce549ed
  React-Codegen: c6249a6462a4080702f1ca0ae369341abfe7c444
  React-Core: f98f6863386ad6e3d3d87f81897908b1027df813
  React-CoreModules: 751e6549964a6b324c9e53baf66fd59ea30700c6
  React-cxxreact: 2559337179ac227869521e71f5323199688f8340
  React-jsi: 80f72ff07392324f4bdd95dc2eee30daf0d6d3cb
  React-jsiexecutor: ed108fa941c623dda1cf25b0487e506ae5cd597f
  React-jsinspector: 96a6f470b24a0918d6f207c55f9186ee6d987ab8
  React-logger: 4542bced257f3ef658671bbe354a27d76070bee9
  react-native-encrypted-storage: 837c733334debf626204f03d867c7e01d8741e2f
  react-native-fbsdk-next: 79815a5b8f66ab0990fbb370b4a4b5bdf0a15e6c
  react-native-image-picker: eb0a159c2a00bcfb49f0469fcc6b164329e9d4ca
  react-native-image-resizer: 506412a2bdd70dde64a61e13505ce10f61a04369
  react-native-login-twitter: f0f71fa99f7ec2cd7578b0982c2ef11a4cc90a03
  react-native-multiple-image-picker: f13eb441e6bcb7bc33b5a8d710a7d1a7a28d2a67
  react-native-netinfo: 0981b7054d93cf88d3ce1e279c34423ae3db1182
  react-native-onesignal: 28e3ad45e18073665c57ee249624915ea21a6cf8
  react-native-pager-view: 7d13a6fd573f856cfef9a5cb24d6c605b6135983
  react-native-render-html: 5af9f6852f5e0cf9b74127537da3370984da51ee
  react-native-safe-area-context: 923e8a02d3bd88ca7a6b6c9b3db1b94591044b0c
  react-native-splash-screen: 4312f786b13a81b5169ef346d76d33bc0c6dc457
  React-perflogger: e3265731a720bfd153640721f0234e8167c49c2a
  React-RCTActionSheet: ea6a00519ba55aec249f940e388b95432478a70e
  React-RCTAnimation: 3896fcda72ab94404f77ea65710e702b0f044c3d
  React-RCTBlob: 117334251c649e1ab67b24e04e326c33a373fbfd
  React-RCTImage: 338d915f2373ee2ca624976300ce160fa783d1d5
  React-RCTLinking: 290daa02ce5f24ebb67ffd40eb41891f4382d5d6
  React-RCTNetwork: be3d45b2ae0c9d8f73198822804bccb44cca9c97
  React-RCTSettings: f61c934c029eae49fab4e28529445eb2608c86c0
  React-RCTText: 737cb3c804d6b2495650f6dac73059a3483c58ec
  React-RCTVibration: d4b0d435822e7631abd0f6d0f9fd471f0aedbe28
  React-runtimeexecutor: 2771ef006f731bb0286309c73c0d7ba95371d648
  ReactCommon: d6a7231176ff71a199b61048d02a69210db589a2
  RNAppleAuthentication: cbe1ab5c0f398ce07a215e6b247048092bf4feb3
  RNCAsyncStorage: 86050d31a1cdc564876f68d8e342688b29f9b186
  RNCMaskedView: f127cd9652acfa31b91dcff613e07ba18b774db6
  RNCPicker: 914b557e20b3b8317b084aca9ff4b4edb95f61e4
  RNDateTimePicker: cad741dac386f8178bf76e86f0a3c4b22173e0e4
  RNDeviceInfo: af47a7d1a09d64c8cbb8b0c883db9bca422a9813
  RNFastImage: 1f2cab428712a4baaf78d6169eaec7f622556dd7
  RNGestureHandler: 61628a2c859172551aa2100d3e73d1e57878392f
  RNGoogleSignin: 7580e6618798be9d090524bb31538378f92ce746
  RNLocalize: 481e572c8605c1c84b8a4c116d35bd61ce9c96b3
  RNPermissions: 7ad8d93b004e6bc85c89e27a102afcde90e07efa
  RNReanimated: a362ff32bd44dd587568272a41308cd4196375e7
  RNScreens: 40a2cb40a02a609938137a1e0acfbf8fc9eebf19
  RNSVG: 302bfc9905bd8122f08966dc2ce2d07b7b52b9f8
  RNVectorIcons: 7923e585eaeb139b9f4531d25a125a1500162a0b
  SDWebImage: a7f831e1a65eb5e285e3fb046a23fcfbf08e696d
  SDWebImageWebPCoder: f93010f3f6c031e2f8fb3081ca4ee6966c539815
  SocketRocket: fccef3f9c5cedea1353a9ef6ada904fde10d6608
  SSZipArchive: 62d4947b08730e4cda640473b0066d209ff033c9
  TLPhotoPicker: f486e8499e1c3f464d0e886697635e25a72a52b8
  TwitterCore: 8cbc9ad34d91c63a0035ea05bfbfc0d7ca72a28c
  TwitterKit5: 64095dfefcf39be2355711ef27112d55e340d90e
  Yoga: 30757bd18db6ed14e9788f601e375a563f08d525
  YogaKit: f782866e155069a2cca2517aafea43200b01fd5a

PODFILE CHECKSUM: 7fbd614391954f22e2c64022f08f50595d2d108f

COCOAPODS: 1.11.2
